{
  "nodes": {
    "nixpkgs": {
      "locked": {
        "lastModified": 1711311641,
        "narHash": "sha256-L1doY9+KacKnEuy6Y8mxPPjxFQnqnMPwIct8mWARExI=",
        "owner": "nixos",
        "repo": "nixpkgs",
        "rev": "acbdee7e4957fdbbb79d9dcf55157303f8ff843f",
        "type": "github"
      },
      "original": {
        "owner": "nixos",
        "repo": "nixpkgs",
        "type": "github"
      }
    },
    "root": {
      "inputs": {
        "nixpkgs": "nixpkgs"
      }
    }
  },
  "root": "root",
  "version": 7
}
